github.com/UserExistsError/conpty v0.1.1 h1:cHDsU/XeoeDAQmVvCTV53SrXLG39YJ4++Pp3iAi1gXE=
github.com/UserExistsError/conpty v0.1.1/go.mod h1:PDglKIkX3O/2xVk0MV9a6bCWxRmPVfxqZoTG/5sSd9I=
golang.org/x/sys v0.8.0 h1:EBmGv8NaZBZTWvrbjNoL6HVt+IVy3QDQpJs7VRIw3tU=
golang.org/x/sys v0.8.0/go.mod h1:oPkhp1MJrh7nUepCBck5+mAzfO9JrbApNNgaTdGDITg=