github.com/UserExistsError/conpty v0.1.4 h1:+3FhJhiqhyEJa+K5qaK3/w6w+sN3Nh9O9VbJyBS02to=
github.com/UserExistsError/conpty v0.1.4/go.mod h1:PDglKIkX3O/2xVk0MV9a6bCWxRmPVfxqZoTG/5sSd9I=
github.com/creack/pty v1.1.24 h1:bJrF4RRfyJnbTJqzRLHzcGaZK1NeM5kTC9jGgovnR1s=
github.com/creack/pty v1.1.24/go.mod h1:08sCNb52WyoAwi2QDyzUCTgcvVFhUzewun7wtTfvcwE=
golang.org/x/sys v0.8.0/go.mod h1:oPkhp1MJrh7nUepCBck5+mAzfO9JrbApNNgaTdGDITg=
golang.org/x/sys v0.33.0 h1:q3i8TbbEz+JRD9ywIRlyRAQbM0qF7hu24q3teo2hbuw=
golang.org/x/sys v0.33.0/go.mod h1:BJP2sWEmIv4KK5OTEluFJCKSidICx8ciO85XgH3Ak8k=
